
Microsoft Visual Studio Solution File, Format Version 12.00
# Visual Studio Version 16
VisualStudioVersion = 16.0.30611.23
MinimumVisualStudioVersion = 10.0.40219.1
Project("{FAE04EC0-301F-11D3-BF4B-00C04F79EFBC}") = "ImageFaceDetection", "ImageFaceDetection\ImageFaceDetection.csproj", "{4466D4AE-DDDE-425E-AA97-ACA29F4A2D2E}"
EndProject
Global
	GlobalSection(SolutionConfigurationPlatforms) = preSolution
		Debug|Any CPU = Debug|Any CPU
		Release|Any CPU = Release|Any CPU
	EndGlobalSection
	GlobalSection(ProjectConfigurationPlatforms) = postSolution
		{4466D4AE-DDDE-425E-AA97-ACA29F4A2D2E}.Debug|Any CPU.ActiveCfg = Debug|Any CPU
		{4466D4AE-DDDE-425E-AA97-ACA29F4A2D2E}.Debug|Any CPU.Build.0 = Debug|Any CPU
		{4466D4AE-DDDE-425E-AA97-ACA29F4A2D2E}.Release|Any CPU.ActiveCfg = Release|Any CPU
		{4466D4AE-DDDE-425E-AA97-ACA29F4A2D2E}.Release|Any CPU.Build.0 = Release|Any CPU
	EndGlobalSection
	GlobalSection(SolutionProperties) = preSolution
		HideSolutionNode = FALSE
	EndGlobalSection
	GlobalSection(ExtensibilityGlobals) = postSolution
		SolutionGuid = {488C9554-DC3E-464E-BA1B-742639BFCD79}
	EndGlobalSection
EndGlobal
